
Microsoft Visual Studio Solution File, Format Version 12.00
# Visual Studio Version 17
VisualStudioVersion = 17.13.35931.197
MinimumVisualStudioVersion = 10.0.40219.1
Project("{FAE04EC0-301F-11D3-BF4B-00C04F79EFBC}") = "JsonConsoleApp", "JsonConsoleApp\JsonConsoleApp.csproj", "{981409DB-58C3-49E2-9543-3F2D298938AC}"
EndProject
Project("{FAE04EC0-301F-11D3-BF4B-00C04F79EFBC}") = "WebApi", "WebApi\WebApi.csproj", "{F40D3270-33E4-44A3-9B23-E40ECA5E4D63}"
EndProject
Global
	GlobalSection(SolutionConfigurationPlatforms) = preSolution
		Debug|Any CPU = Debug|Any CPU
		Release|Any CPU = Release|Any CPU
	EndGlobalSection
	GlobalSection(ProjectConfigurationPlatforms) = postSolution
		{981409DB-58C3-49E2-9543-3F2D298938AC}.Debug|Any CPU.ActiveCfg = Debug|Any CPU
		{981409DB-58C3-49E2-9543-3F2D298938AC}.Debug|Any CPU.Build.0 = Debug|Any CPU
		{981409DB-58C3-49E2-9543-3F2D298938AC}.Release|Any CPU.ActiveCfg = Release|Any CPU
		{981409DB-58C3-49E2-9543-3F2D298938AC}.Release|Any CPU.Build.0 = Release|Any CPU
		{F40D3270-33E4-44A3-9B23-E40ECA5E4D63}.Debug|Any CPU.ActiveCfg = Debug|Any CPU
		{F40D3270-33E4-44A3-9B23-E40ECA5E4D63}.Debug|Any CPU.Build.0 = Debug|Any CPU
		{F40D3270-33E4-44A3-9B23-E40ECA5E4D63}.Release|Any CPU.ActiveCfg = Release|Any CPU
		{F40D3270-33E4-44A3-9B23-E40ECA5E4D63}.Release|Any CPU.Build.0 = Release|Any CPU
	EndGlobalSection
	GlobalSection(SolutionProperties) = preSolution
		HideSolutionNode = FALSE
	EndGlobalSection
	GlobalSection(ExtensibilityGlobals) = postSolution
		SolutionGuid = {7576FF2B-CE35-4A7F-83C8-3F97F9B40FE9}
	EndGlobalSection
EndGlobal
